
Microsoft Visual Studio Solution File, Format Version 12.00
# Visual Studio Version 17
VisualStudioVersion = 17.10.34928.147
MinimumVisualStudioVersion = 10.0.40219.1
Project("{FAE04EC0-301F-11D3-BF4B-00C04F79EFBC}") = "URLshortener", "URLshortener\URLshortener.csproj", "{5EAC3167-705A-477D-9ACB-DEBFB9E4294A}"
EndProject
Global
	GlobalSection(SolutionConfigurationPlatforms) = preSolution
		Debug|Any CPU = Debug|Any CPU
		Release|Any CPU = Release|Any CPU
	EndGlobalSection
	GlobalSection(ProjectConfigurationPlatforms) = postSolution
		{5EAC3167-705A-477D-9ACB-DEBFB9E4294A}.Debug|Any CPU.ActiveCfg = Debug|Any CPU
		{5EAC3167-705A-477D-9ACB-DEBFB9E4294A}.Debug|Any CPU.Build.0 = Debug|Any CPU
		{5EAC3167-705A-477D-9ACB-DEBFB9E4294A}.Release|Any CPU.ActiveCfg = Release|Any CPU
		{5EAC3167-705A-477D-9ACB-DEBFB9E4294A}.Release|Any CPU.Build.0 = Release|Any CPU
	EndGlobalSection
	GlobalSection(SolutionProperties) = preSolution
		HideSolutionNode = FALSE
	EndGlobalSection
	GlobalSection(ExtensibilityGlobals) = postSolution
		SolutionGuid = {EAEAF5CD-758F-4198-B54D-42AA35AB8C79}
	EndGlobalSection
EndGlobal
